
Microsoft Visual Studio Solution File, Format Version 12.00
# Visual Studio Version 17
VisualStudioVersion = 17.14.36221.1 d17.14
MinimumVisualStudioVersion = 10.0.40219.1
Project("{FAE04EC0-301F-11D3-BF4B-00C04F79EFBC}") = "CodexTui", "CodexTui\CodexTui.csproj", "{88F1963E-8B55-A78D-3D4C-B50146266C28}"
EndProject
Project("{FAE04EC0-301F-11D3-BF4B-00C04F79EFBC}") = "CodexCli", "CodexCli\CodexCli.csproj", "{D2FBCA75-8D93-EE74-744D-ACB4C5D47CAE}"
EndProject
Project("{FAE04EC0-301F-11D3-BF4B-00C04F79EFBC}") = "CodexCli.Tests", "CodexCli.Tests\CodexCli.Tests.csproj", "{9E53C7C2-EBA9-A085-F74F-2F7C4F57E807}"
EndProject
Global
	GlobalSection(SolutionConfigurationPlatforms) = preSolution
		Debug|Any CPU = Debug|Any CPU
		Release|Any CPU = Release|Any CPU
	EndGlobalSection
	GlobalSection(ProjectConfigurationPlatforms) = postSolution
		{88F1963E-8B55-A78D-3D4C-B50146266C28}.Debug|Any CPU.ActiveCfg = Debug|Any CPU
		{88F1963E-8B55-A78D-3D4C-B50146266C28}.Debug|Any CPU.Build.0 = Debug|Any CPU
		{88F1963E-8B55-A78D-3D4C-B50146266C28}.Release|Any CPU.ActiveCfg = Release|Any CPU
		{88F1963E-8B55-A78D-3D4C-B50146266C28}.Release|Any CPU.Build.0 = Release|Any CPU
		{D2FBCA75-8D93-EE74-744D-ACB4C5D47CAE}.Debug|Any CPU.ActiveCfg = Debug|Any CPU
		{D2FBCA75-8D93-EE74-744D-ACB4C5D47CAE}.Debug|Any CPU.Build.0 = Debug|Any CPU
		{D2FBCA75-8D93-EE74-744D-ACB4C5D47CAE}.Release|Any CPU.ActiveCfg = Release|Any CPU
		{D2FBCA75-8D93-EE74-744D-ACB4C5D47CAE}.Release|Any CPU.Build.0 = Release|Any CPU
		{9E53C7C2-EBA9-A085-F74F-2F7C4F57E807}.Debug|Any CPU.ActiveCfg = Debug|Any CPU
		{9E53C7C2-EBA9-A085-F74F-2F7C4F57E807}.Debug|Any CPU.Build.0 = Debug|Any CPU
		{9E53C7C2-EBA9-A085-F74F-2F7C4F57E807}.Release|Any CPU.ActiveCfg = Release|Any CPU
		{9E53C7C2-EBA9-A085-F74F-2F7C4F57E807}.Release|Any CPU.Build.0 = Release|Any CPU
	EndGlobalSection
	GlobalSection(SolutionProperties) = preSolution
		HideSolutionNode = FALSE
	EndGlobalSection
	GlobalSection(ExtensibilityGlobals) = postSolution
		SolutionGuid = {E936DC30-40AE-4F02-B231-FA234ED47F47}
	EndGlobalSection
EndGlobal
